{
  "requires": true,
  "lockfileVersion": 1,
  "dependencies": {
    "@ionic-native/network-interface": {
      "version": "4.7.0",
      "resolved": "https://registry.npmjs.org/@ionic-native/network-interface/-/network-interface-4.7.0.tgz",
      "integrity": "sha512-gRdDoKxsSycRIeE1gqh8/rI2H15xRdKW8Fs5hzkpZbA3ZRvqtkg8JJO6vdkiKAwAIWhhidjJWgBjNAC39KSdzg=="
    }
  }
}
